
Microsoft Visual Studio Solution File, Format Version 12.00
# Visual Studio Version 17
VisualStudioVersion = 17.11.35208.52
MinimumVisualStudioVersion = 10.0.40219.1
Project("{9A19103F-16F7-4668-BE54-9A1E7A4F7556}") = "Lumix.Blazor", "Lumix.Blazor\Lumix.Blazor.csproj", "{A1F850ED-DE14-4268-BB0C-9424229E8F47}"
EndProject
Global
	GlobalSection(SolutionConfigurationPlatforms) = preSolution
		Debug|Any CPU = Debug|Any CPU
		Release|Any CPU = Release|Any CPU
	EndGlobalSection
	GlobalSection(ProjectConfigurationPlatforms) = postSolution
		{A1F850ED-DE14-4268-BB0C-9424229E8F47}.Debug|Any CPU.ActiveCfg = Debug|Any CPU
		{A1F850ED-DE14-4268-BB0C-9424229E8F47}.Debug|Any CPU.Build.0 = Debug|Any CPU
		{A1F850ED-DE14-4268-BB0C-9424229E8F47}.Release|Any CPU.ActiveCfg = Release|Any CPU
		{A1F850ED-DE14-4268-BB0C-9424229E8F47}.Release|Any CPU.Build.0 = Release|Any CPU
	EndGlobalSection
	GlobalSection(SolutionProperties) = preSolution
		HideSolutionNode = FALSE
	EndGlobalSection
	GlobalSection(ExtensibilityGlobals) = postSolution
		SolutionGuid = {990D31FB-43A9-4ACF-B8FA-DB24A552E6D5}
	EndGlobalSection
EndGlobal
